
Microsoft Visual Studio Solution File, Format Version 12.00
# Visual Studio Version 16
VisualStudioVersion = 16.0.31025.194
MinimumVisualStudioVersion = 10.0.40219.1
Project("{9A19103F-16F7-4668-BE54-9A1E7A4F7556}") = "Slektstre", "Slektstre\Slektstre.csproj", "{373637C2-B05D-41BF-8774-9392477B64E7}"
EndProject
Project("{FAE04EC0-301F-11D3-BF4B-00C04F79EFBC}") = "SlektstreTest", "SlektstreTest\SlektstreTest.csproj", "{AC9E327A-989B-4566-B125-A87B8CDE71DB}"
EndProject
Global
	GlobalSection(SolutionConfigurationPlatforms) = preSolution
		Debug|Any CPU = Debug|Any CPU
		Release|Any CPU = Release|Any CPU
	EndGlobalSection
	GlobalSection(ProjectConfigurationPlatforms) = postSolution
		{373637C2-B05D-41BF-8774-9392477B64E7}.Debug|Any CPU.ActiveCfg = Debug|Any CPU
		{373637C2-B05D-41BF-8774-9392477B64E7}.Debug|Any CPU.Build.0 = Debug|Any CPU
		{373637C2-B05D-41BF-8774-9392477B64E7}.Release|Any CPU.ActiveCfg = Release|Any CPU
		{373637C2-B05D-41BF-8774-9392477B64E7}.Release|Any CPU.Build.0 = Release|Any CPU
		{AC9E327A-989B-4566-B125-A87B8CDE71DB}.Debug|Any CPU.ActiveCfg = Debug|Any CPU
		{AC9E327A-989B-4566-B125-A87B8CDE71DB}.Debug|Any CPU.Build.0 = Debug|Any CPU
		{AC9E327A-989B-4566-B125-A87B8CDE71DB}.Release|Any CPU.ActiveCfg = Release|Any CPU
		{AC9E327A-989B-4566-B125-A87B8CDE71DB}.Release|Any CPU.Build.0 = Release|Any CPU
	EndGlobalSection
	GlobalSection(SolutionProperties) = preSolution
		HideSolutionNode = FALSE
	EndGlobalSection
	GlobalSection(ExtensibilityGlobals) = postSolution
		SolutionGuid = {D1292F3D-AB73-4282-A117-4A46E215A448}
	EndGlobalSection
EndGlobal
